
Microsoft Visual Studio Solution File, Format Version 12.00
# Visual Studio 15
VisualStudioVersion = 15.0.27428.2005
MinimumVisualStudioVersion = 10.0.40219.1
Project("{FAE04EC0-301F-11D3-BF4B-00C04F79EFBC}") = "DnDv5CharacterCreator", "DnDv5CharacterCreator\DnDv5CharacterCreator.csproj", "{D341AB04-7170-4421-A981-918C7ECE9D89}"
EndProject
Global
	GlobalSection(SolutionConfigurationPlatforms) = preSolution
		Debug|Any CPU = Debug|Any CPU
		Release|Any CPU = Release|Any CPU
	EndGlobalSection
	GlobalSection(ProjectConfigurationPlatforms) = postSolution
		{D341AB04-7170-4421-A981-918C7ECE9D89}.Debug|Any CPU.ActiveCfg = Debug|Any CPU
		{D341AB04-7170-4421-A981-918C7ECE9D89}.Debug|Any CPU.Build.0 = Debug|Any CPU
		{D341AB04-7170-4421-A981-918C7ECE9D89}.Release|Any CPU.ActiveCfg = Release|Any CPU
		{D341AB04-7170-4421-A981-918C7ECE9D89}.Release|Any CPU.Build.0 = Release|Any CPU
	EndGlobalSection
	GlobalSection(SolutionProperties) = preSolution
		HideSolutionNode = FALSE
	EndGlobalSection
	GlobalSection(ExtensibilityGlobals) = postSolution
		SolutionGuid = {1DF545F2-DD7A-407F-835E-72E98753F07A}
	EndGlobalSection
EndGlobal
